
Microsoft Visual Studio Solution File, Format Version 12.00
# Visual Studio Version 17
VisualStudioVersion = 17.3.32922.545
MinimumVisualStudioVersion = 10.0.40219.1
Project("{9A19103F-16F7-4668-BE54-9A1E7A4F7556}") = "Algorithm", "Algorithm\Algorithm.csproj", "{50F2D02C-718A-499E-8E39-65AFFB1A4761}"
EndProject
Project("{FAE04EC0-301F-11D3-BF4B-00C04F79EFBC}") = "Algorithm.Tests", "TestProject1\Algorithm.Tests.csproj", "{F928EC33-3017-4857-A398-F6C2646F1483}"
EndProject
Global
	GlobalSection(SolutionConfigurationPlatforms) = preSolution
		Debug|Any CPU = Debug|Any CPU
		Release|Any CPU = Release|Any CPU
	EndGlobalSection
	GlobalSection(ProjectConfigurationPlatforms) = postSolution
		{50F2D02C-718A-499E-8E39-65AFFB1A4761}.Debug|Any CPU.ActiveCfg = Debug|Any CPU
		{50F2D02C-718A-499E-8E39-65AFFB1A4761}.Debug|Any CPU.Build.0 = Debug|Any CPU
		{50F2D02C-718A-499E-8E39-65AFFB1A4761}.Release|Any CPU.ActiveCfg = Release|Any CPU
		{50F2D02C-718A-499E-8E39-65AFFB1A4761}.Release|Any CPU.Build.0 = Release|Any CPU
		{F928EC33-3017-4857-A398-F6C2646F1483}.Debug|Any CPU.ActiveCfg = Debug|Any CPU
		{F928EC33-3017-4857-A398-F6C2646F1483}.Debug|Any CPU.Build.0 = Debug|Any CPU
		{F928EC33-3017-4857-A398-F6C2646F1483}.Release|Any CPU.ActiveCfg = Release|Any CPU
		{F928EC33-3017-4857-A398-F6C2646F1483}.Release|Any CPU.Build.0 = Release|Any CPU
	EndGlobalSection
	GlobalSection(SolutionProperties) = preSolution
		HideSolutionNode = FALSE
	EndGlobalSection
	GlobalSection(ExtensibilityGlobals) = postSolution
		SolutionGuid = {39D0E38D-47E4-4CF1-90C0-72877FD399E8}
	EndGlobalSection
EndGlobal
